
Microsoft Visual Studio Solution File, Format Version 12.00
# Visual Studio 14
VisualStudioVersion = 14.0.25420.1
MinimumVisualStudioVersion = 10.0.40219.1
Project("{FAE04EC0-301F-11D3-BF4B-00C04F79EFBC}") = "LKTShop.Common", "LKTShop.Common\LKTShop.Common.csproj", "{7E3B6D2E-F3D5-48A6-893E-3FB80C7C350F}"
EndProject
Project("{FAE04EC0-301F-11D3-BF4B-00C04F79EFBC}") = "LKTShop.Model", "LKTShop.Model\LKTShop.Model.csproj", "{477B7FCE-FD3F-4AE2-BD61-0184835D9C33}"
EndProject
Project("{FAE04EC0-301F-11D3-BF4B-00C04F79EFBC}") = "LKTShop.Data", "LKTShop.Data\LKTShop.Data.csproj", "{0431A557-781E-40AF-8F10-AFBDEF7F9C39}"
EndProject
Project("{FAE04EC0-301F-11D3-BF4B-00C04F79EFBC}") = "LKTShop.Service", "LKTShop.Service\LKTShop.Service.csproj", "{CE906BC4-F467-4FF9-8AC2-09DEE3D8DB5B}"
EndProject
Project("{FAE04EC0-301F-11D3-BF4B-00C04F79EFBC}") = "LKTShop.UnitTest", "LKTShop.UnitTest\LKTShop.UnitTest.csproj", "{2D177474-5F87-404B-8A73-D3F077CC3DA9}"
EndProject
Project("{FAE04EC0-301F-11D3-BF4B-00C04F79EFBC}") = "LKTShop.Web", "LKTShop.Web\LKTShop.Web.csproj", "{7F9FD106-A842-46CF-AEA1-9BA1A9A3B1D3}"
EndProject
Global
	GlobalSection(SolutionConfigurationPlatforms) = preSolution
		Debug|Any CPU = Debug|Any CPU
		Release|Any CPU = Release|Any CPU
	EndGlobalSection
	GlobalSection(ProjectConfigurationPlatforms) = postSolution
		{7E3B6D2E-F3D5-48A6-893E-3FB80C7C350F}.Debug|Any CPU.ActiveCfg = Debug|Any CPU
		{7E3B6D2E-F3D5-48A6-893E-3FB80C7C350F}.Debug|Any CPU.Build.0 = Debug|Any CPU
		{7E3B6D2E-F3D5-48A6-893E-3FB80C7C350F}.Release|Any CPU.ActiveCfg = Release|Any CPU
		{7E3B6D2E-F3D5-48A6-893E-3FB80C7C350F}.Release|Any CPU.Build.0 = Release|Any CPU
		{477B7FCE-FD3F-4AE2-BD61-0184835D9C33}.Debug|Any CPU.ActiveCfg = Debug|Any CPU
		{477B7FCE-FD3F-4AE2-BD61-0184835D9C33}.Debug|Any CPU.Build.0 = Debug|Any CPU
		{477B7FCE-FD3F-4AE2-BD61-0184835D9C33}.Release|Any CPU.ActiveCfg = Release|Any CPU
		{477B7FCE-FD3F-4AE2-BD61-0184835D9C33}.Release|Any CPU.Build.0 = Release|Any CPU
		{0431A557-781E-40AF-8F10-AFBDEF7F9C39}.Debug|Any CPU.ActiveCfg = Debug|Any CPU
		{0431A557-781E-40AF-8F10-AFBDEF7F9C39}.Debug|Any CPU.Build.0 = Debug|Any CPU
		{0431A557-781E-40AF-8F10-AFBDEF7F9C39}.Release|Any CPU.ActiveCfg = Release|Any CPU
		{0431A557-781E-40AF-8F10-AFBDEF7F9C39}.Release|Any CPU.Build.0 = Release|Any CPU
		{CE906BC4-F467-4FF9-8AC2-09DEE3D8DB5B}.Debug|Any CPU.ActiveCfg = Debug|Any CPU
		{CE906BC4-F467-4FF9-8AC2-09DEE3D8DB5B}.Debug|Any CPU.Build.0 = Debug|Any CPU
		{CE906BC4-F467-4FF9-8AC2-09DEE3D8DB5B}.Release|Any CPU.ActiveCfg = Release|Any CPU
		{CE906BC4-F467-4FF9-8AC2-09DEE3D8DB5B}.Release|Any CPU.Build.0 = Release|Any CPU
		{2D177474-5F87-404B-8A73-D3F077CC3DA9}.Debug|Any CPU.ActiveCfg = Debug|Any CPU
		{2D177474-5F87-404B-8A73-D3F077CC3DA9}.Debug|Any CPU.Build.0 = Debug|Any CPU
		{2D177474-5F87-404B-8A73-D3F077CC3DA9}.Release|Any CPU.ActiveCfg = Release|Any CPU
		{2D177474-5F87-404B-8A73-D3F077CC3DA9}.Release|Any CPU.Build.0 = Release|Any CPU
		{7F9FD106-A842-46CF-AEA1-9BA1A9A3B1D3}.Debug|Any CPU.ActiveCfg = Debug|Any CPU
		{7F9FD106-A842-46CF-AEA1-9BA1A9A3B1D3}.Debug|Any CPU.Build.0 = Debug|Any CPU
		{7F9FD106-A842-46CF-AEA1-9BA1A9A3B1D3}.Release|Any CPU.ActiveCfg = Release|Any CPU
		{7F9FD106-A842-46CF-AEA1-9BA1A9A3B1D3}.Release|Any CPU.Build.0 = Release|Any CPU
	EndGlobalSection
	GlobalSection(SolutionProperties) = preSolution
		HideSolutionNode = FALSE
	EndGlobalSection
EndGlobal
